
Microsoft Visual Studio Solution File, Format Version 12.00
# Visual Studio Version 17
VisualStudioVersion = 17.14.36221.1
MinimumVisualStudioVersion = 10.0.40219.1
Project("{8BC9CEB8-8B4A-11D0-8D11-00A0C91BC942}") = "01_Pointer_01", "01_Pointer_01\01_Pointer_01.vcxproj", "{47DD6944-BB88-4B88-B21A-3D7AFE0E7516}"
EndProject
Project("{8BC9CEB8-8B4A-11D0-8D11-00A0C91BC942}") = "02_Function_Pointer_01", "02_Function_Pointer_01\01_Pointer_02.vcxproj", "{5C368B6A-3B12-4949-B99E-547ECE262F8D}"
EndProject
Project("{8BC9CEB8-8B4A-11D0-8D11-00A0C91BC942}") = "02_Function_Pointer_02", "02_Function_Pointer_02\01_Pointer_03.vcxproj", "{E80981EF-F436-4B2F-AFE8-475BC836994B}"
EndProject
Project("{8BC9CEB8-8B4A-11D0-8D11-00A0C91BC942}") = "03_Function_Call_01", "03_Function_Call_01\03_Function_Call_01.vcxproj", "{75EDE5F4-0718-441D-9B1D-D8977B13A9D9}"
EndProject
Project("{8BC9CEB8-8B4A-11D0-8D11-00A0C91BC942}") = "04_Array_01", "04_Array_01\04_Array_01.vcxproj", "{B26C92BC-2BC8-484B-B9B3-4AAFE5729E98}"
EndProject
Project("{8BC9CEB8-8B4A-11D0-8D11-00A0C91BC942}") = "05_structure_01", "05_structure_01\05_structure_01.vcxproj", "{1B681087-25EA-4226-AF36-315FF3D9EC5A}"
EndProject
Project("{8BC9CEB8-8B4A-11D0-8D11-00A0C91BC942}") = "06_Dynamic_Variable_01", "06_Dynamic_Variable_01\06_Dynamic_Variable_01.vcxproj", "{EC9B892A-D226-44E7-AFD5-2A2F8D8CDE16}"
EndProject
Project("{8BC9CEB8-8B4A-11D0-8D11-00A0C91BC942}") = "07_Recursive_Call_01", "07_Recursive_Call_01\07_Recursive_Call_01.vcxproj", "{49E27951-5FDE-46DB-8DBC-9DF8668941EF}"
EndProject
Project("{8BC9CEB8-8B4A-11D0-8D11-00A0C91BC942}") = "08_Linked_List_01", "08_Linked_List_01\08_Linked_List_01.vcxproj", "{28631599-8826-44D7-9FC3-A16869C26D9C}"
EndProject
Project("{8BC9CEB8-8B4A-11D0-8D11-00A0C91BC942}") = "08_Linked_List_02", "08_Linked_List_02\08_Linked_List_02.vcxproj", "{C7BA58F0-C87B-4050-AADB-592A864849B6}"
EndProject
Project("{8BC9CEB8-8B4A-11D0-8D11-00A0C91BC942}") = "09_Circular_Doubly_Linked_List_01", "09_Circular_Doubly_Linked_List_01\09_Circular_Doubly_Linked_List_01.vcxproj", "{B1F655D8-2199-4816-8902-6808951013B9}"
EndProject
Project("{8BC9CEB8-8B4A-11D0-8D11-00A0C91BC942}") = "10_Array_Stack_01", "10_Array_Stack_01\10_Array_Stack_01.vcxproj", "{A5A8BC5A-71EC-4E64-9D55-4E305AE3CF17}"
EndProject
Project("{8BC9CEB8-8B4A-11D0-8D11-00A0C91BC942}") = "11_Linked_List_Stack_01", "11_Linked_List_Stack_01\11_Linked_List_Stack_01.vcxproj", "{15CC3F02-629A-4107-97B3-CA14AB37429B}"
EndProject
Project("{8BC9CEB8-8B4A-11D0-8D11-00A0C91BC942}") = "12_Calculator_01", "12_Calculator_01\12_Calculator_01.vcxproj", "{437D26DB-F9EC-48F3-9B07-431C35224815}"
EndProject
Project("{8BC9CEB8-8B4A-11D0-8D11-00A0C91BC942}") = "13_Circular_Queue_01", "13_Circular_Queue_01\13_Circular_Queue_01.vcxproj", "{5A097060-4E58-4949-8F41-31DC73426048}"
EndProject
Project("{8BC9CEB8-8B4A-11D0-8D11-00A0C91BC942}") = "14_Linked_Queue_01", "14_Linked_Queue_01\14_Linked_Queue_01.vcxproj", "{55999955-5556-4474-BF66-F1C61DECDC82}"
EndProject
Project("{8BC9CEB8-8B4A-11D0-8D11-00A0C91BC942}") = "15_LCRS_Tree_01", "15_LCRS_Tree_01\15_LCRS_Tree_01.vcxproj", "{02874E55-6992-48B6-A824-12E6AA4DA275}"
EndProject
Project("{8BC9CEB8-8B4A-11D0-8D11-00A0C91BC942}") = "16_Binary_Tree_01", "16_Binary_Tree_01\16_Binary_Tree_01.vcxproj", "{22084279-B372-4C9A-8EC1-5AF2408A77C0}"
EndProject
Project("{8BC9CEB8-8B4A-11D0-8D11-00A0C91BC942}") = "17_ExpressionTree_01", "17_ExpressionTree_01\17_ExpressionTree_01.vcxproj", "{EE7C7754-0CD1-4419-A6B9-F4D990CFC7D1}"
EndProject
Project("{8BC9CEB8-8B4A-11D0-8D11-00A0C91BC942}") = "18_DisjointSet_01", "18_DisjointSet_01\18_DisjointSet_01.vcxproj", "{D06ED633-09AF-4372-BA2C-1EC665347CF2}"
EndProject
Project("{8BC9CEB8-8B4A-11D0-8D11-00A0C91BC942}") = "19_Bubble_Sort_01", "19_Bubble_Sort_01\19_Bubble_Sort_01.vcxproj", "{70AC03E5-F256-476E-A9E0-D46F740A0CA6}"
EndProject
Project("{8BC9CEB8-8B4A-11D0-8D11-00A0C91BC942}") = "20_Insertion_Sort_01", "20_Insertion_Sort_01\20_Insertion_Sort_01.vcxproj", "{81A0EDDF-2683-40EF-992D-54FE99717B8B}"
EndProject
Project("{8BC9CEB8-8B4A-11D0-8D11-00A0C91BC942}") = "21_Quick_Sort_01", "21_Quick_Sort_01\21_Quick_Sort_01.vcxproj", "{C7C3E257-7775-46E2-94CF-9DE23282A9AA}"
EndProject
Project("{8BC9CEB8-8B4A-11D0-8D11-00A0C91BC942}") = "20_Insertion_Sort_02", "20_Insertion_Sort_02\20_Insertion_Sort_02.vcxproj", "{FF03BDEB-9340-4EAF-BF59-2FCE1681C1BC}"
EndProject
Project("{8BC9CEB8-8B4A-11D0-8D11-00A0C91BC942}") = "21_Quick_Sort_02", "21_Quick_Sort_02\21_Quick_Sort_02.vcxproj", "{78596B62-760C-45BF-9B69-DADAA6DC1EAB}"
EndProject
Project("{8BC9CEB8-8B4A-11D0-8D11-00A0C91BC942}") = "22_Sort_Quiz_01", "22_Sort_Quiz_01\22_Sort_Quiz_01.vcxproj", "{7E0E91D7-FB95-4E69-ACAB-95F13F4993A2}"
EndProject
Project("{8BC9CEB8-8B4A-11D0-8D11-00A0C91BC942}") = "23_Sequential_Search_01", "23_Sequential_Search_01\23_Sequential_Search_01.vcxproj", "{80E95C7D-417F-4D1A-B7C8-958FE8B0B075}"
EndProject
Project("{8BC9CEB8-8B4A-11D0-8D11-00A0C91BC942}") = "24_Bulls_and_Cows_01", "24_Bulls_and_Cows_01\24_Bulls_and_Cows_01.vcxproj", "{F756EC6C-A04A-4B29-B101-2C8C11E71FFE}"
EndProject
Project("{8BC9CEB8-8B4A-11D0-8D11-00A0C91BC942}") = "25_Sequential_Search_02", "25_Sequential_Search_02\25_Sequential_Search_02.vcxproj", "{BDA91282-2480-4EB8-8681-61152353AB34}"
EndProject
Project("{8BC9CEB8-8B4A-11D0-8D11-00A0C91BC942}") = "26_Kaprekar_Number_01", "26_Kaprekar_Number_01\26_Kaprekar_Number_01.vcxproj", "{0E6BB20C-7549-4979-8211-1BFFE0BA4D03}"
EndProject
Project("{8BC9CEB8-8B4A-11D0-8D11-00A0C91BC942}") = "27_BinarySearch_01", "27_BinarySearch_01\27_BinarySearch_01.vcxproj", "{6123FB95-2699-4EF1-A17C-D4011D7FB746}"
EndProject
Project("{8BC9CEB8-8B4A-11D0-8D11-00A0C91BC942}") = "28_BinarySearchTree_01", "28_BinarySearchTree_01\28_BinarySearchTree_01.vcxproj", "{0FCC4409-221B-40FA-B740-DF9621064981}"
EndProject
Global
	GlobalSection(SolutionConfigurationPlatforms) = preSolution
		Debug|x64 = Debug|x64
		Debug|x86 = Debug|x86
		Release|x64 = Release|x64
		Release|x86 = Release|x86
	EndGlobalSection
	GlobalSection(ProjectConfigurationPlatforms) = postSolution
		{47DD6944-BB88-4B88-B21A-3D7AFE0E7516}.Debug|x64.ActiveCfg = Debug|x64
		{47DD6944-BB88-4B88-B21A-3D7AFE0E7516}.Debug|x64.Build.0 = Debug|x64
		{47DD6944-BB88-4B88-B21A-3D7AFE0E7516}.Debug|x86.ActiveCfg = Debug|Win32
		{47DD6944-BB88-4B88-B21A-3D7AFE0E7516}.Debug|x86.Build.0 = Debug|Win32
		{47DD6944-BB88-4B88-B21A-3D7AFE0E7516}.Release|x64.ActiveCfg = Release|x64
		{47DD6944-BB88-4B88-B21A-3D7AFE0E7516}.Release|x64.Build.0 = Release|x64
		{47DD6944-BB88-4B88-B21A-3D7AFE0E7516}.Release|x86.ActiveCfg = Release|Win32
		{47DD6944-BB88-4B88-B21A-3D7AFE0E7516}.Release|x86.Build.0 = Release|Win32
		{5C368B6A-3B12-4949-B99E-547ECE262F8D}.Debug|x64.ActiveCfg = Debug|x64
		{5C368B6A-3B12-4949-B99E-547ECE262F8D}.Debug|x64.Build.0 = Debug|x64
		{5C368B6A-3B12-4949-B99E-547ECE262F8D}.Debug|x86.ActiveCfg = Debug|Win32
		{5C368B6A-3B12-4949-B99E-547ECE262F8D}.Debug|x86.Build.0 = Debug|Win32
		{5C368B6A-3B12-4949-B99E-547ECE262F8D}.Release|x64.ActiveCfg = Release|x64
		{5C368B6A-3B12-4949-B99E-547ECE262F8D}.Release|x64.Build.0 = Release|x64
		{5C368B6A-3B12-4949-B99E-547ECE262F8D}.Release|x86.ActiveCfg = Release|Win32
		{5C368B6A-3B12-4949-B99E-547ECE262F8D}.Release|x86.Build.0 = Release|Win32
		{E80981EF-F436-4B2F-AFE8-475BC836994B}.Debug|x64.ActiveCfg = Debug|x64
		{E80981EF-F436-4B2F-AFE8-475BC836994B}.Debug|x64.Build.0 = Debug|x64
		{E80981EF-F436-4B2F-AFE8-475BC836994B}.Debug|x86.ActiveCfg = Debug|Win32
		{E80981EF-F436-4B2F-AFE8-475BC836994B}.Debug|x86.Build.0 = Debug|Win32
		{E80981EF-F436-4B2F-AFE8-475BC836994B}.Release|x64.ActiveCfg = Release|x64
		{E80981EF-F436-4B2F-AFE8-475BC836994B}.Release|x64.Build.0 = Release|x64
		{E80981EF-F436-4B2F-AFE8-475BC836994B}.Release|x86.ActiveCfg = Release|Win32
		{E80981EF-F436-4B2F-AFE8-475BC836994B}.Release|x86.Build.0 = Release|Win32
		{75EDE5F4-0718-441D-9B1D-D8977B13A9D9}.Debug|x64.ActiveCfg = Debug|x64
		{75EDE5F4-0718-441D-9B1D-D8977B13A9D9}.Debug|x64.Build.0 = Debug|x64
		{75EDE5F4-0718-441D-9B1D-D8977B13A9D9}.Debug|x86.ActiveCfg = Debug|Win32
		{75EDE5F4-0718-441D-9B1D-D8977B13A9D9}.Debug|x86.Build.0 = Debug|Win32
		{75EDE5F4-0718-441D-9B1D-D8977B13A9D9}.Release|x64.ActiveCfg = Release|x64
		{75EDE5F4-0718-441D-9B1D-D8977B13A9D9}.Release|x64.Build.0 = Release|x64
		{75EDE5F4-0718-441D-9B1D-D8977B13A9D9}.Release|x86.ActiveCfg = Release|Win32
		{75EDE5F4-0718-441D-9B1D-D8977B13A9D9}.Release|x86.Build.0 = Release|Win32
		{B26C92BC-2BC8-484B-B9B3-4AAFE5729E98}.Debug|x64.ActiveCfg = Debug|x64
		{B26C92BC-2BC8-484B-B9B3-4AAFE5729E98}.Debug|x64.Build.0 = Debug|x64
		{B26C92BC-2BC8-484B-B9B3-4AAFE5729E98}.Debug|x86.ActiveCfg = Debug|Win32
		{B26C92BC-2BC8-484B-B9B3-4AAFE5729E98}.Debug|x86.Build.0 = Debug|Win32
		{B26C92BC-2BC8-484B-B9B3-4AAFE5729E98}.Release|x64.ActiveCfg = Release|x64
		{B26C92BC-2BC8-484B-B9B3-4AAFE5729E98}.Release|x64.Build.0 = Release|x64
		{B26C92BC-2BC8-484B-B9B3-4AAFE5729E98}.Release|x86.ActiveCfg = Release|Win32
		{B26C92BC-2BC8-484B-B9B3-4AAFE5729E98}.Release|x86.Build.0 = Release|Win32
		{1B681087-25EA-4226-AF36-315FF3D9EC5A}.Debug|x64.ActiveCfg = Debug|x64
		{1B681087-25EA-4226-AF36-315FF3D9EC5A}.Debug|x64.Build.0 = Debug|x64
		{1B681087-25EA-4226-AF36-315FF3D9EC5A}.Debug|x86.ActiveCfg = Debug|Win32
		{1B681087-25EA-4226-AF36-315FF3D9EC5A}.Debug|x86.Build.0 = Debug|Win32
		{1B681087-25EA-4226-AF36-315FF3D9EC5A}.Release|x64.ActiveCfg = Release|x64
		{1B681087-25EA-4226-AF36-315FF3D9EC5A}.Release|x64.Build.0 = Release|x64
		{1B681087-25EA-4226-AF36-315FF3D9EC5A}.Release|x86.ActiveCfg = Release|Win32
		{1B681087-25EA-4226-AF36-315FF3D9EC5A}.Release|x86.Build.0 = Release|Win32
		{EC9B892A-D226-44E7-AFD5-2A2F8D8CDE16}.Debug|x64.ActiveCfg = Debug|x64
		{EC9B892A-D226-44E7-AFD5-2A2F8D8CDE16}.Debug|x64.Build.0 = Debug|x64
		{EC9B892A-D226-44E7-AFD5-2A2F8D8CDE16}.Debug|x86.ActiveCfg = Debug|Win32
		{EC9B892A-D226-44E7-AFD5-2A2F8D8CDE16}.Debug|x86.Build.0 = Debug|Win32
		{EC9B892A-D226-44E7-AFD5-2A2F8D8CDE16}.Release|x64.ActiveCfg = Release|x64
		{EC9B892A-D226-44E7-AFD5-2A2F8D8CDE16}.Release|x64.Build.0 = Release|x64
		{EC9B892A-D226-44E7-AFD5-2A2F8D8CDE16}.Release|x86.ActiveCfg = Release|Win32
		{EC9B892A-D226-44E7-AFD5-2A2F8D8CDE16}.Release|x86.Build.0 = Release|Win32
		{49E27951-5FDE-46DB-8DBC-9DF8668941EF}.Debug|x64.ActiveCfg = Debug|x64
		{49E27951-5FDE-46DB-8DBC-9DF8668941EF}.Debug|x64.Build.0 = Debug|x64
		{49E27951-5FDE-46DB-8DBC-9DF8668941EF}.Debug|x86.ActiveCfg = Debug|Win32
		{49E27951-5FDE-46DB-8DBC-9DF8668941EF}.Debug|x86.Build.0 = Debug|Win32
		{49E27951-5FDE-46DB-8DBC-9DF8668941EF}.Release|x64.ActiveCfg = Release|x64
		{49E27951-5FDE-46DB-8DBC-9DF8668941EF}.Release|x64.Build.0 = Release|x64
		{49E27951-5FDE-46DB-8DBC-9DF8668941EF}.Release|x86.ActiveCfg = Release|Win32
		{49E27951-5FDE-46DB-8DBC-9DF8668941EF}.Release|x86.Build.0 = Release|Win32
		{28631599-8826-44D7-9FC3-A16869C26D9C}.Debug|x64.ActiveCfg = Debug|x64
		{28631599-8826-44D7-9FC3-A16869C26D9C}.Debug|x64.Build.0 = Debug|x64
		{28631599-8826-44D7-9FC3-A16869C26D9C}.Debug|x86.ActiveCfg = Debug|Win32
		{28631599-8826-44D7-9FC3-A16869C26D9C}.Debug|x86.Build.0 = Debug|Win32
		{28631599-8826-44D7-9FC3-A16869C26D9C}.Release|x64.ActiveCfg = Release|x64
		{28631599-8826-44D7-9FC3-A16869C26D9C}.Release|x64.Build.0 = Release|x64
		{28631599-8826-44D7-9FC3-A16869C26D9C}.Release|x86.ActiveCfg = Release|Win32
		{28631599-8826-44D7-9FC3-A16869C26D9C}.Release|x86.Build.0 = Release|Win32
		{C7BA58F0-C87B-4050-AADB-592A864849B6}.Debug|x64.ActiveCfg = Debug|x64
		{C7BA58F0-C87B-4050-AADB-592A864849B6}.Debug|x64.Build.0 = Debug|x64
		{C7BA58F0-C87B-4050-AADB-592A864849B6}.Debug|x86.ActiveCfg = Debug|Win32
		{C7BA58F0-C87B-4050-AADB-592A864849B6}.Debug|x86.Build.0 = Debug|Win32
		{C7BA58F0-C87B-4050-AADB-592A864849B6}.Release|x64.ActiveCfg = Release|x64
		{C7BA58F0-C87B-4050-AADB-592A864849B6}.Release|x64.Build.0 = Release|x64
		{C7BA58F0-C87B-4050-AADB-592A864849B6}.Release|x86.ActiveCfg = Release|Win32
		{C7BA58F0-C87B-4050-AADB-592A864849B6}.Release|x86.Build.0 = Release|Win32
		{B1F655D8-2199-4816-8902-6808951013B9}.Debug|x64.ActiveCfg = Debug|x64
		{B1F655D8-2199-4816-8902-6808951013B9}.Debug|x64.Build.0 = Debug|x64
		{B1F655D8-2199-4816-8902-6808951013B9}.Debug|x86.ActiveCfg = Debug|Win32
		{B1F655D8-2199-4816-8902-6808951013B9}.Debug|x86.Build.0 = Debug|Win32
		{B1F655D8-2199-4816-8902-6808951013B9}.Release|x64.ActiveCfg = Release|x64
		{B1F655D8-2199-4816-8902-6808951013B9}.Release|x64.Build.0 = Release|x64
		{B1F655D8-2199-4816-8902-6808951013B9}.Release|x86.ActiveCfg = Release|Win32
		{B1F655D8-2199-4816-8902-6808951013B9}.Release|x86.Build.0 = Release|Win32
		{A5A8BC5A-71EC-4E64-9D55-4E305AE3CF17}.Debug|x64.ActiveCfg = Debug|x64
		{A5A8BC5A-71EC-4E64-9D55-4E305AE3CF17}.Debug|x64.Build.0 = Debug|x64
		{A5A8BC5A-71EC-4E64-9D55-4E305AE3CF17}.Debug|x86.ActiveCfg = Debug|Win32
		{A5A8BC5A-71EC-4E64-9D55-4E305AE3CF17}.Debug|x86.Build.0 = Debug|Win32
		{A5A8BC5A-71EC-4E64-9D55-4E305AE3CF17}.Release|x64.ActiveCfg = Release|x64
		{A5A8BC5A-71EC-4E64-9D55-4E305AE3CF17}.Release|x64.Build.0 = Release|x64
		{A5A8BC5A-71EC-4E64-9D55-4E305AE3CF17}.Release|x86.ActiveCfg = Release|Win32
		{A5A8BC5A-71EC-4E64-9D55-4E305AE3CF17}.Release|x86.Build.0 = Release|Win32
		{15CC3F02-629A-4107-97B3-CA14AB37429B}.Debug|x64.ActiveCfg = Debug|x64
		{15CC3F02-629A-4107-97B3-CA14AB37429B}.Debug|x64.Build.0 = Debug|x64
		{15CC3F02-629A-4107-97B3-CA14AB37429B}.Debug|x86.ActiveCfg = Debug|Win32
		{15CC3F02-629A-4107-97B3-CA14AB37429B}.Debug|x86.Build.0 = Debug|Win32
		{15CC3F02-629A-4107-97B3-CA14AB37429B}.Release|x64.ActiveCfg = Release|x64
		{15CC3F02-629A-4107-97B3-CA14AB37429B}.Release|x64.Build.0 = Release|x64
		{15CC3F02-629A-4107-97B3-CA14AB37429B}.Release|x86.ActiveCfg = Release|Win32
		{15CC3F02-629A-4107-97B3-CA14AB37429B}.Release|x86.Build.0 = Release|Win32
		{437D26DB-F9EC-48F3-9B07-431C35224815}.Debug|x64.ActiveCfg = Debug|x64
		{437D26DB-F9EC-48F3-9B07-431C35224815}.Debug|x64.Build.0 = Debug|x64
		{437D26DB-F9EC-48F3-9B07-431C35224815}.Debug|x86.ActiveCfg = Debug|Win32
		{437D26DB-F9EC-48F3-9B07-431C35224815}.Debug|x86.Build.0 = Debug|Win32
		{437D26DB-F9EC-48F3-9B07-431C35224815}.Release|x64.ActiveCfg = Release|x64
		{437D26DB-F9EC-48F3-9B07-431C35224815}.Release|x64.Build.0 = Release|x64
		{437D26DB-F9EC-48F3-9B07-431C35224815}.Release|x86.ActiveCfg = Release|Win32
		{437D26DB-F9EC-48F3-9B07-431C35224815}.Release|x86.Build.0 = Release|Win32
		{5A097060-4E58-4949-8F41-31DC73426048}.Debug|x64.ActiveCfg = Debug|x64
		{5A097060-4E58-4949-8F41-31DC73426048}.Debug|x64.Build.0 = Debug|x64
		{5A097060-4E58-4949-8F41-31DC73426048}.Debug|x86.ActiveCfg = Debug|Win32
		{5A097060-4E58-4949-8F41-31DC73426048}.Debug|x86.Build.0 = Debug|Win32
		{5A097060-4E58-4949-8F41-31DC73426048}.Release|x64.ActiveCfg = Release|x64
		{5A097060-4E58-4949-8F41-31DC73426048}.Release|x64.Build.0 = Release|x64
		{5A097060-4E58-4949-8F41-31DC73426048}.Release|x86.ActiveCfg = Release|Win32
		{5A097060-4E58-4949-8F41-31DC73426048}.Release|x86.Build.0 = Release|Win32
		{55999955-5556-4474-BF66-F1C61DECDC82}.Debug|x64.ActiveCfg = Debug|x64
		{55999955-5556-4474-BF66-F1C61DECDC82}.Debug|x64.Build.0 = Debug|x64
		{55999955-5556-4474-BF66-F1C61DECDC82}.Debug|x86.ActiveCfg = Debug|Win32
		{55999955-5556-4474-BF66-F1C61DECDC82}.Debug|x86.Build.0 = Debug|Win32
		{55999955-5556-4474-BF66-F1C61DECDC82}.Release|x64.ActiveCfg = Release|x64
		{55999955-5556-4474-BF66-F1C61DECDC82}.Release|x64.Build.0 = Release|x64
		{55999955-5556-4474-BF66-F1C61DECDC82}.Release|x86.ActiveCfg = Release|Win32
		{55999955-5556-4474-BF66-F1C61DECDC82}.Release|x86.Build.0 = Release|Win32
		{02874E55-6992-48B6-A824-12E6AA4DA275}.Debug|x64.ActiveCfg = Debug|x64
		{02874E55-6992-48B6-A824-12E6AA4DA275}.Debug|x64.Build.0 = Debug|x64
		{02874E55-6992-48B6-A824-12E6AA4DA275}.Debug|x86.ActiveCfg = Debug|Win32
		{02874E55-6992-48B6-A824-12E6AA4DA275}.Debug|x86.Build.0 = Debug|Win32
		{02874E55-6992-48B6-A824-12E6AA4DA275}.Release|x64.ActiveCfg = Release|x64
		{02874E55-6992-48B6-A824-12E6AA4DA275}.Release|x64.Build.0 = Release|x64
		{02874E55-6992-48B6-A824-12E6AA4DA275}.Release|x86.ActiveCfg = Release|Win32
		{02874E55-6992-48B6-A824-12E6AA4DA275}.Release|x86.Build.0 = Release|Win32
		{22084279-B372-4C9A-8EC1-5AF2408A77C0}.Debug|x64.ActiveCfg = Debug|x64
		{22084279-B372-4C9A-8EC1-5AF2408A77C0}.Debug|x64.Build.0 = Debug|x64
		{22084279-B372-4C9A-8EC1-5AF2408A77C0}.Debug|x86.ActiveCfg = Debug|Win32
		{22084279-B372-4C9A-8EC1-5AF2408A77C0}.Debug|x86.Build.0 = Debug|Win32
		{22084279-B372-4C9A-8EC1-5AF2408A77C0}.Release|x64.ActiveCfg = Release|x64
		{22084279-B372-4C9A-8EC1-5AF2408A77C0}.Release|x64.Build.0 = Release|x64
		{22084279-B372-4C9A-8EC1-5AF2408A77C0}.Release|x86.ActiveCfg = Release|Win32
		{22084279-B372-4C9A-8EC1-5AF2408A77C0}.Release|x86.Build.0 = Release|Win32
		{EE7C7754-0CD1-4419-A6B9-F4D990CFC7D1}.Debug|x64.ActiveCfg = Debug|x64
		{EE7C7754-0CD1-4419-A6B9-F4D990CFC7D1}.Debug|x64.Build.0 = Debug|x64
		{EE7C7754-0CD1-4419-A6B9-F4D990CFC7D1}.Debug|x86.ActiveCfg = Debug|Win32
		{EE7C7754-0CD1-4419-A6B9-F4D990CFC7D1}.Debug|x86.Build.0 = Debug|Win32
		{EE7C7754-0CD1-4419-A6B9-F4D990CFC7D1}.Release|x64.ActiveCfg = Release|x64
		{EE7C7754-0CD1-4419-A6B9-F4D990CFC7D1}.Release|x64.Build.0 = Release|x64
		{EE7C7754-0CD1-4419-A6B9-F4D990CFC7D1}.Release|x86.ActiveCfg = Release|Win32
		{EE7C7754-0CD1-4419-A6B9-F4D990CFC7D1}.Release|x86.Build.0 = Release|Win32
		{D06ED633-09AF-4372-BA2C-1EC665347CF2}.Debug|x64.ActiveCfg = Debug|x64
		{D06ED633-09AF-4372-BA2C-1EC665347CF2}.Debug|x64.Build.0 = Debug|x64
		{D06ED633-09AF-4372-BA2C-1EC665347CF2}.Debug|x86.ActiveCfg = Debug|Win32
		{D06ED633-09AF-4372-BA2C-1EC665347CF2}.Debug|x86.Build.0 = Debug|Win32
		{D06ED633-09AF-4372-BA2C-1EC665347CF2}.Release|x64.ActiveCfg = Release|x64
		{D06ED633-09AF-4372-BA2C-1EC665347CF2}.Release|x64.Build.0 = Release|x64
		{D06ED633-09AF-4372-BA2C-1EC665347CF2}.Release|x86.ActiveCfg = Release|Win32
		{D06ED633-09AF-4372-BA2C-1EC665347CF2}.Release|x86.Build.0 = Release|Win32
		{70AC03E5-F256-476E-A9E0-D46F740A0CA6}.Debug|x64.ActiveCfg = Debug|x64
		{70AC03E5-F256-476E-A9E0-D46F740A0CA6}.Debug|x64.Build.0 = Debug|x64
		{70AC03E5-F256-476E-A9E0-D46F740A0CA6}.Debug|x86.ActiveCfg = Debug|Win32
		{70AC03E5-F256-476E-A9E0-D46F740A0CA6}.Debug|x86.Build.0 = Debug|Win32
		{70AC03E5-F256-476E-A9E0-D46F740A0CA6}.Release|x64.ActiveCfg = Release|x64
		{70AC03E5-F256-476E-A9E0-D46F740A0CA6}.Release|x64.Build.0 = Release|x64
		{70AC03E5-F256-476E-A9E0-D46F740A0CA6}.Release|x86.ActiveCfg = Release|Win32
		{70AC03E5-F256-476E-A9E0-D46F740A0CA6}.Release|x86.Build.0 = Release|Win32
		{81A0EDDF-2683-40EF-992D-54FE99717B8B}.Debug|x64.ActiveCfg = Debug|x64
		{81A0EDDF-2683-40EF-992D-54FE99717B8B}.Debug|x64.Build.0 = Debug|x64
		{81A0EDDF-2683-40EF-992D-54FE99717B8B}.Debug|x86.ActiveCfg = Debug|Win32
		{81A0EDDF-2683-40EF-992D-54FE99717B8B}.Debug|x86.Build.0 = Debug|Win32
		{81A0EDDF-2683-40EF-992D-54FE99717B8B}.Release|x64.ActiveCfg = Release|x64
		{81A0EDDF-2683-40EF-992D-54FE99717B8B}.Release|x64.Build.0 = Release|x64
		{81A0EDDF-2683-40EF-992D-54FE99717B8B}.Release|x86.ActiveCfg = Release|Win32
		{81A0EDDF-2683-40EF-992D-54FE99717B8B}.Release|x86.Build.0 = Release|Win32
		{C7C3E257-7775-46E2-94CF-9DE23282A9AA}.Debug|x64.ActiveCfg = Debug|x64
		{C7C3E257-7775-46E2-94CF-9DE23282A9AA}.Debug|x64.Build.0 = Debug|x64
		{C7C3E257-7775-46E2-94CF-9DE23282A9AA}.Debug|x86.ActiveCfg = Debug|Win32
		{C7C3E257-7775-46E2-94CF-9DE23282A9AA}.Debug|x86.Build.0 = Debug|Win32
		{C7C3E257-7775-46E2-94CF-9DE23282A9AA}.Release|x64.ActiveCfg = Release|x64
		{C7C3E257-7775-46E2-94CF-9DE23282A9AA}.Release|x64.Build.0 = Release|x64
		{C7C3E257-7775-46E2-94CF-9DE23282A9AA}.Release|x86.ActiveCfg = Release|Win32
		{C7C3E257-7775-46E2-94CF-9DE23282A9AA}.Release|x86.Build.0 = Release|Win32
		{FF03BDEB-9340-4EAF-BF59-2FCE1681C1BC}.Debug|x64.ActiveCfg = Debug|x64
		{FF03BDEB-9340-4EAF-BF59-2FCE1681C1BC}.Debug|x64.Build.0 = Debug|x64
		{FF03BDEB-9340-4EAF-BF59-2FCE1681C1BC}.Debug|x86.ActiveCfg = Debug|Win32
		{FF03BDEB-9340-4EAF-BF59-2FCE1681C1BC}.Debug|x86.Build.0 = Debug|Win32
		{FF03BDEB-9340-4EAF-BF59-2FCE1681C1BC}.Release|x64.ActiveCfg = Release|x64
		{FF03BDEB-9340-4EAF-BF59-2FCE1681C1BC}.Release|x64.Build.0 = Release|x64
		{FF03BDEB-9340-4EAF-BF59-2FCE1681C1BC}.Release|x86.ActiveCfg = Release|Win32
		{FF03BDEB-9340-4EAF-BF59-2FCE1681C1BC}.Release|x86.Build.0 = Release|Win32
		{78596B62-760C-45BF-9B69-DADAA6DC1EAB}.Debug|x64.ActiveCfg = Debug|x64
		{78596B62-760C-45BF-9B69-DADAA6DC1EAB}.Debug|x64.Build.0 = Debug|x64
		{78596B62-760C-45BF-9B69-DADAA6DC1EAB}.Debug|x86.ActiveCfg = Debug|Win32
		{78596B62-760C-45BF-9B69-DADAA6DC1EAB}.Debug|x86.Build.0 = Debug|Win32
		{78596B62-760C-45BF-9B69-DADAA6DC1EAB}.Release|x64.ActiveCfg = Release|x64
		{78596B62-760C-45BF-9B69-DADAA6DC1EAB}.Release|x64.Build.0 = Release|x64
		{78596B62-760C-45BF-9B69-DADAA6DC1EAB}.Release|x86.ActiveCfg = Release|Win32
		{78596B62-760C-45BF-9B69-DADAA6DC1EAB}.Release|x86.Build.0 = Release|Win32
		{7E0E91D7-FB95-4E69-ACAB-95F13F4993A2}.Debug|x64.ActiveCfg = Debug|x64
		{7E0E91D7-FB95-4E69-ACAB-95F13F4993A2}.Debug|x64.Build.0 = Debug|x64
		{7E0E91D7-FB95-4E69-ACAB-95F13F4993A2}.Debug|x86.ActiveCfg = Debug|Win32
		{7E0E91D7-FB95-4E69-ACAB-95F13F4993A2}.Debug|x86.Build.0 = Debug|Win32
		{7E0E91D7-FB95-4E69-ACAB-95F13F4993A2}.Release|x64.ActiveCfg = Release|x64
		{7E0E91D7-FB95-4E69-ACAB-95F13F4993A2}.Release|x64.Build.0 = Release|x64
		{7E0E91D7-FB95-4E69-ACAB-95F13F4993A2}.Release|x86.ActiveCfg = Release|Win32
		{7E0E91D7-FB95-4E69-ACAB-95F13F4993A2}.Release|x86.Build.0 = Release|Win32
		{80E95C7D-417F-4D1A-B7C8-958FE8B0B075}.Debug|x64.ActiveCfg = Debug|x64
		{80E95C7D-417F-4D1A-B7C8-958FE8B0B075}.Debug|x64.Build.0 = Debug|x64
		{80E95C7D-417F-4D1A-B7C8-958FE8B0B075}.Debug|x86.ActiveCfg = Debug|Win32
		{80E95C7D-417F-4D1A-B7C8-958FE8B0B075}.Debug|x86.Build.0 = Debug|Win32
		{80E95C7D-417F-4D1A-B7C8-958FE8B0B075}.Release|x64.ActiveCfg = Release|x64
		{80E95C7D-417F-4D1A-B7C8-958FE8B0B075}.Release|x64.Build.0 = Release|x64
		{80E95C7D-417F-4D1A-B7C8-958FE8B0B075}.Release|x86.ActiveCfg = Release|Win32
		{80E95C7D-417F-4D1A-B7C8-958FE8B0B075}.Release|x86.Build.0 = Release|Win32
		{F756EC6C-A04A-4B29-B101-2C8C11E71FFE}.Debug|x64.ActiveCfg = Debug|x64
		{F756EC6C-A04A-4B29-B101-2C8C11E71FFE}.Debug|x64.Build.0 = Debug|x64
		{F756EC6C-A04A-4B29-B101-2C8C11E71FFE}.Debug|x86.ActiveCfg = Debug|Win32
		{F756EC6C-A04A-4B29-B101-2C8C11E71FFE}.Debug|x86.Build.0 = Debug|Win32
		{F756EC6C-A04A-4B29-B101-2C8C11E71FFE}.Release|x64.ActiveCfg = Release|x64
		{F756EC6C-A04A-4B29-B101-2C8C11E71FFE}.Release|x64.Build.0 = Release|x64
		{F756EC6C-A04A-4B29-B101-2C8C11E71FFE}.Release|x86.ActiveCfg = Release|Win32
		{F756EC6C-A04A-4B29-B101-2C8C11E71FFE}.Release|x86.Build.0 = Release|Win32
		{BDA91282-2480-4EB8-8681-61152353AB34}.Debug|x64.ActiveCfg = Debug|x64
		{BDA91282-2480-4EB8-8681-61152353AB34}.Debug|x64.Build.0 = Debug|x64
		{BDA91282-2480-4EB8-8681-61152353AB34}.Debug|x86.ActiveCfg = Debug|Win32
		{BDA91282-2480-4EB8-8681-61152353AB34}.Debug|x86.Build.0 = Debug|Win32
		{BDA91282-2480-4EB8-8681-61152353AB34}.Release|x64.ActiveCfg = Release|x64
		{BDA91282-2480-4EB8-8681-61152353AB34}.Release|x64.Build.0 = Release|x64
		{BDA91282-2480-4EB8-8681-61152353AB34}.Release|x86.ActiveCfg = Release|Win32
		{BDA91282-2480-4EB8-8681-61152353AB34}.Release|x86.Build.0 = Release|Win32
		{0E6BB20C-7549-4979-8211-1BFFE0BA4D03}.Debug|x64.ActiveCfg = Debug|x64
		{0E6BB20C-7549-4979-8211-1BFFE0BA4D03}.Debug|x64.Build.0 = Debug|x64
		{0E6BB20C-7549-4979-8211-1BFFE0BA4D03}.Debug|x86.ActiveCfg = Debug|Win32
		{0E6BB20C-7549-4979-8211-1BFFE0BA4D03}.Debug|x86.Build.0 = Debug|Win32
		{0E6BB20C-7549-4979-8211-1BFFE0BA4D03}.Release|x64.ActiveCfg = Release|x64
		{0E6BB20C-7549-4979-8211-1BFFE0BA4D03}.Release|x64.Build.0 = Release|x64
		{0E6BB20C-7549-4979-8211-1BFFE0BA4D03}.Release|x86.ActiveCfg = Release|Win32
		{0E6BB20C-7549-4979-8211-1BFFE0BA4D03}.Release|x86.Build.0 = Release|Win32
		{6123FB95-2699-4EF1-A17C-D4011D7FB746}.Debug|x64.ActiveCfg = Debug|x64
		{6123FB95-2699-4EF1-A17C-D4011D7FB746}.Debug|x64.Build.0 = Debug|x64
		{6123FB95-2699-4EF1-A17C-D4011D7FB746}.Debug|x86.ActiveCfg = Debug|Win32
		{6123FB95-2699-4EF1-A17C-D4011D7FB746}.Debug|x86.Build.0 = Debug|Win32
		{6123FB95-2699-4EF1-A17C-D4011D7FB746}.Release|x64.ActiveCfg = Release|x64
		{6123FB95-2699-4EF1-A17C-D4011D7FB746}.Release|x64.Build.0 = Release|x64
		{6123FB95-2699-4EF1-A17C-D4011D7FB746}.Release|x86.ActiveCfg = Release|Win32
		{6123FB95-2699-4EF1-A17C-D4011D7FB746}.Release|x86.Build.0 = Release|Win32
		{0FCC4409-221B-40FA-B740-DF9621064981}.Debug|x64.ActiveCfg = Debug|x64
		{0FCC4409-221B-40FA-B740-DF9621064981}.Debug|x64.Build.0 = Debug|x64
		{0FCC4409-221B-40FA-B740-DF9621064981}.Debug|x86.ActiveCfg = Debug|Win32
		{0FCC4409-221B-40FA-B740-DF9621064981}.Debug|x86.Build.0 = Debug|Win32
		{0FCC4409-221B-40FA-B740-DF9621064981}.Release|x64.ActiveCfg = Release|x64
		{0FCC4409-221B-40FA-B740-DF9621064981}.Release|x64.Build.0 = Release|x64
		{0FCC4409-221B-40FA-B740-DF9621064981}.Release|x86.ActiveCfg = Release|Win32
		{0FCC4409-221B-40FA-B740-DF9621064981}.Release|x86.Build.0 = Release|Win32
	EndGlobalSection
	GlobalSection(SolutionProperties) = preSolution
		HideSolutionNode = FALSE
	EndGlobalSection
	GlobalSection(ExtensibilityGlobals) = postSolution
		SolutionGuid = {8D3B2FD0-483E-4C59-ADF1-EDB4748C4A75}
	EndGlobalSection
EndGlobal
